lockfileVersion: 5.3

specifiers:
  '@reduxjs/toolkit': ^1.8.1
  '@types/react': ^17.0.44
  clsx: ^1.1.1
  immer: ^9.0.12
  lodash.get: ^4.4.2
  mobx: ^6.5.0
  mobx-react-lite: ^3.3.0
  mobx-state-tree: ^5.1.3
  next: ^12.1.5
  react: 17.0.2
  react-dom: 17.0.2
  react-redux: ^7.2.8
  recoil: ^0.7.2
  redux: ^4.1.2
  typescript: ^4.6.3

dependencies:
  '@reduxjs/toolkit': registry.npmmirror.com/@reduxjs/toolkit/1.8.1_react-redux@7.2.8+react@17.0.2
  clsx: registry.npmmirror.com/clsx/1.1.1
  immer: registry.npmmirror.com/immer/9.0.12
  lodash.get: registry.npmmirror.com/lodash.get/4.4.2
  mobx: registry.npmmirror.com/mobx/6.5.0
  mobx-react-lite: registry.npmmirror.com/mobx-react-lite/3.3.0_3b110ddd052df537d55bc762cdd4d0b8
  mobx-state-tree: registry.npmmirror.com/mobx-state-tree/5.1.3_mobx@6.5.0
  next: registry.npmmirror.com/next/12.1.5_react-dom@17.0.2+react@17.0.2
  react: registry.npmmirror.com/react/17.0.2
  react-dom: registry.npmmirror.com/react-dom/17.0.2_react@17.0.2
  react-redux: registry.npmmirror.com/react-redux/7.2.8_react-dom@17.0.2+react@17.0.2
  recoil: registry.npmmirror.com/recoil/0.7.2_react-dom@17.0.2+react@17.0.2
  redux: registry.npmmirror.com/redux/4.1.2

devDependencies:
  '@types/react': registry.npmmirror.com/@types/react/17.0.44
  typescript: registry.npmmirror.com/typescript/4.6.3

packages:

  registry.npmmirror.com/@babel/runtime/7.17.9:
    resolution: {integrity: sha512-lSiBBvodq29uShpWGNbgFdKYNiFDo5/HIYsaCEY9ff4sb10x9jizo2+pRrSyF4jKZCXqgzuqBOQKbUm90gQwJg==, registry: http://registry.npm.taobao.org/, tarball: https://registry.npmmirror.com/@babel/runtime/-/runtime-7.17.9.tgz}
    name: '@babel/runtime'
    version: 7.17.9
    engines: {node: '>=6.9.0'}
    dependencies:
      regenerator-runtime: registry.npmmirror.com/regenerator-runtime/0.13.9
    dev: false

  registry.npmmirror.com/@next/env/12.1.5:
    resolution: {integrity: sha512-+34yUJslfJi7Lyx6ELuN8nWcOzi27izfYnZIC1Dqv7kmmfiBVxgzR3BXhlvEMTKC2IRJhXVs2FkMY+buQe3k7Q==, registry: http://registry.npm.taobao.org/, tarball: https://registry.npmmirror.com/@next/env/-/env-12.1.5.tgz}
    name: '@next/env'
    version: 12.1.5
    dev: false

  registry.npmmirror.com/@next/swc-android-arm-eabi/12.1.5:
    resolution: {integrity: sha512-SKnGTdYcoN04Y2DvE0/Y7/MjkA+ltsmbuH/y/hR7Ob7tsj+8ZdOYuk+YvW1B8dY20nDPHP58XgDTSm2nA8BzzA==, registry: http://registry.npm.taobao.org/, tarball: https://registry.npmmirror.com/@next/swc-android-arm-eabi/-/swc-android-arm-eabi-12.1.5.tgz}
    name: '@next/swc-android-arm-eabi'
    version: 12.1.5
    engines: {node: '>= 10'}
    cpu: [arm]
    os: [android]
    requiresBuild: true
    dev: false
    optional: true

  registry.npmmirror.com/@next/swc-android-arm64/12.1.5:
    resolution: {integrity: sha512-YXiqgQ/9Rxg1dXp6brXbeQM1JDx9SwUY/36JiE+36FXqYEmDYbxld9qkX6GEzkc5rbwJ+RCitargnzEtwGW0mw==, registry: http://registry.npm.taobao.org/, tarball: https://registry.npmmirror.com/@next/swc-android-arm64/-/swc-android-arm64-12.1.5.tgz}
    name: '@next/swc-android-arm64'
    version: 12.1.5
    engines: {node: '>= 10'}
    cpu: [arm64]
    os: [android]
    requiresBuild: true
    dev: false
    optional: true

  registry.npmmirror.com/@next/swc-darwin-arm64/12.1.5:
    resolution: {integrity: sha512-y8mhldb/WFZ6lFeowkGfi0cO/lBdiBqDk4T4LZLvCpoQp4Or/NzUN6P5NzBQZ5/b4oUHM/wQICEM+1wKA4qIVw==, registry: http://registry.npm.taobao.org/, tarball: https://registry.npmmirror.com/@next/swc-darwin-arm64/-/swc-darwin-arm64-12.1.5.tgz}
    name: '@next/swc-darwin-arm64'
    version: 12.1.5
    engines: {node: '>= 10'}
    cpu: [arm64]
    os: [darwin]
    requiresBuild: true
    dev: false
    optional: true

  registry.npmmirror.com/@next/swc-darwin-x64/12.1.5:
    resolution: {integrity: sha512-wqJ3X7WQdTwSGi0kIDEmzw34QHISRIQ5uvC+VXmsIlCPFcMA+zM5723uh8NfuKGquDMiEMS31a83QgkuHMYbwQ==, registry: http://registry.npm.taobao.org/, tarball: https://registry.npmmirror.com/@next/swc-darwin-x64/-/swc-darwin-x64-12.1.5.tgz}
    name: '@next/swc-darwin-x64'
    version: 12.1.5
    engines: {node: '>= 10'}
    cpu: [x64]
    os: [darwin]
    requiresBuild: true
    dev: false
    optional: true

  registry.npmmirror.com/@next/swc-linux-arm-gnueabihf/12.1.5:
    resolution: {integrity: sha512-WnhdM5duONMvt2CncAl+9pim0wBxDS2lHoo7ub/o/i1bRbs11UTzosKzEXVaTDCUkCX2c32lIDi1WcN2ZPkcdw==, registry: http://registry.npm.taobao.org/, tarball: https://registry.npmmirror.com/@next/swc-linux-arm-gnueabihf/-/swc-linux-arm-gnueabihf-12.1.5.tgz}
    name: '@next/swc-linux-arm-gnueabihf'
    version: 12.1.5
    engines: {node: '>= 10'}
    cpu: [arm]
    os: [linux]
    requiresBuild: true
    dev: false
    optional: true

  registry.npmmirror.com/@next/swc-linux-arm64-gnu/12.1.5:
    resolution: {integrity: sha512-Jq2H68yQ4bLUhR/XQnbw3LDW0GMQn355qx6rU36BthDLeGue7YV7MqNPa8GKvrpPocEMW77nWx/1yI6w6J07gw==, registry: http://registry.npm.taobao.org/, tarball: https://registry.npmmirror.com/@next/swc-linux-arm64-gnu/-/swc-linux-arm64-gnu-12.1.5.tgz}
    name: '@next/swc-linux-arm64-gnu'
    version: 12.1.5
    engines: {node: '>= 10'}
    cpu: [arm64]
    os: [linux]
    requiresBuild: true
    dev: false
    optional: true

  registry.npmmirror.com/@next/swc-linux-arm64-musl/12.1.5:
    resolution: {integrity: sha512-KgPjwdbhDqXI7ghNN8V/WAiLquc9Ebe8KBrNNEL0NQr+yd9CyKJ6KqjayVkmX+hbHzbyvbui/5wh/p3CZQ9xcQ==, registry: http://registry.npm.taobao.org/, tarball: https://registry.npmmirror.com/@next/swc-linux-arm64-musl/-/swc-linux-arm64-musl-12.1.5.tgz}
    name: '@next/swc-linux-arm64-musl'
    version: 12.1.5
    engines: {node: '>= 10'}
    cpu: [arm64]
    os: [linux]
    requiresBuild: true
    dev: false
    optional: true

  registry.npmmirror.com/@next/swc-linux-x64-gnu/12.1.5:
    resolution: {integrity: sha512-O2ErUTvCJ6DkNTSr9pbu1n3tcqykqE/ebty1rwClzIYdOgpB3T2MfEPP+K7GhUR87wmN/hlihO9ch7qpVFDGKw==, registry: http://registry.npm.taobao.org/, tarball: https://registry.npmmirror.com/@next/swc-linux-x64-gnu/-/swc-linux-x64-gnu-12.1.5.tgz}
    name: '@next/swc-linux-x64-gnu'
    version: 12.1.5
    engines: {node: '>= 10'}
    cpu: [x64]
    os: [linux]
    requiresBuild: true
    dev: false
    optional: true

  registry.npmmirror.com/@next/swc-linux-x64-musl/12.1.5:
    resolution: {integrity: sha512-1eIlZmlO/VRjxxzUBcVosf54AFU3ltAzHi+BJA+9U/lPxCYIsT+R4uO3QksRzRjKWhVQMRjEnlXyyq5SKJm7BA==, registry: http://registry.npm.taobao.org/, tarball: https://registry.npmmirror.com/@next/swc-linux-x64-musl/-/swc-linux-x64-musl-12.1.5.tgz}
    name: '@next/swc-linux-x64-musl'
    version: 12.1.5
    engines: {node: '>= 10'}
    cpu: [x64]
    os: [linux]
    requiresBuild: true
    dev: false
    optional: true

  registry.npmmirror.com/@next/swc-win32-arm64-msvc/12.1.5:
    resolution: {integrity: sha512-oromsfokbEuVb0CBLLE7R9qX3KGXucZpsojLpzUh1QJjuy1QkrPJncwr8xmWQnwgtQ6ecMWXgXPB+qtvizT9Tw==, registry: http://registry.npm.taobao.org/, tarball: https://registry.npmmirror.com/@next/swc-win32-arm64-msvc/-/swc-win32-arm64-msvc-12.1.5.tgz}
    name: '@next/swc-win32-arm64-msvc'
    version: 12.1.5
    engines: {node: '>= 10'}
    cpu: [arm64]
    os: [win32]
    requiresBuild: true
    dev: false
    optional: true

  registry.npmmirror.com/@next/swc-win32-ia32-msvc/12.1.5:
    resolution: {integrity: sha512-a/51L5KzBpeZSW9LbekMo3I3Cwul+V+QKwbEIMA+Qwb2qrlcn1L9h3lt8cHqNTFt2y72ce6aTwDTw1lyi5oIRA==, registry: http://registry.npm.taobao.org/, tarball: https://registry.npmmirror.com/@next/swc-win32-ia32-msvc/-/swc-win32-ia32-msvc-12.1.5.tgz}
    name: '@next/swc-win32-ia32-msvc'
    version: 12.1.5
    engines: {node: '>= 10'}
    cpu: [ia32]
    os: [win32]
    requiresBuild: true
    dev: false
    optional: true

  registry.npmmirror.com/@next/swc-win32-x64-msvc/12.1.5:
    resolution: {integrity: sha512-/SoXW1Ntpmpw3AXAzfDRaQidnd8kbZ2oSni8u5z0yw6t4RwJvmdZy1eOaAADRThWKV+2oU90++LSnXJIwBRWYQ==, registry: http://registry.npm.taobao.org/, tarball: https://registry.npmmirror.com/@next/swc-win32-x64-msvc/-/swc-win32-x64-msvc-12.1.5.tgz}
    name: '@next/swc-win32-x64-msvc'
    version: 12.1.5
    engines: {node: '>= 10'}
    cpu: [x64]
    os: [win32]
    requiresBuild: true
    dev: false
    optional: true

  registry.npmmirror.com/@reduxjs/toolkit/1.8.1_react-redux@7.2.8+react@17.0.2:
    resolution: {integrity: sha512-Q6mzbTpO9nOYRnkwpDlFOAbQnd3g7zj7CtHAZWz5SzE5lcV97Tf8f3SzOO8BoPOMYBFgfZaqTUZqgGu+a0+Fng==, registry: http://registry.npm.taobao.org/, tarball: https://registry.npmmirror.com/@reduxjs/toolkit/-/toolkit-1.8.1.tgz}
    id: registry.npmmirror.com/@reduxjs/toolkit/1.8.1
    name: '@reduxjs/toolkit'
    version: 1.8.1
    peerDependencies:
      react: ^16.9.0 || ^17.0.0 || ^18
      react-redux: ^7.2.1 || ^8.0.0-beta
    peerDependenciesMeta:
      react:
        optional: true
      react-redux:
        optional: true
    dependencies:
      immer: registry.npmmirror.com/immer/9.0.12
      react: registry.npmmirror.com/react/17.0.2
      react-redux: registry.npmmirror.com/react-redux/7.2.8_react-dom@17.0.2+react@17.0.2
      redux: registry.npmmirror.com/redux/4.1.2
      redux-thunk: registry.npmmirror.com/redux-thunk/2.4.1_redux@4.1.2
      reselect: registry.npmmirror.com/reselect/4.1.5
    dev: false

  registry.npmmirror.com/@types/hoist-non-react-statics/3.3.1:
    resolution: {integrity: sha512-iMIqiko6ooLrTh1joXodJK5X9xeEALT1kM5G3ZLhD3hszxBdIEd5C75U834D9mLcINgD4OyZf5uQXjkuYydWvA==, registry: http://registry.npm.taobao.org/, tarball: https://registry.npmmirror.com/@types/hoist-non-react-statics/-/hoist-non-react-statics-3.3.1.tgz}
    name: '@types/hoist-non-react-statics'
    version: 3.3.1
    dependencies:
      '@types/react': registry.npmmirror.com/@types/react/18.0.4
      hoist-non-react-statics: registry.npmmirror.com/hoist-non-react-statics/3.3.2
    dev: false

  registry.npmmirror.com/@types/prop-types/15.7.5:
    resolution: {integrity: sha512-JCB8C6SnDoQf0cNycqd/35A7MjcnK+ZTqE7judS6o7utxUCg6imJg3QK2qzHKszlTjcj2cn+NwMB2i96ubpj7w==, registry: http://registry.npm.taobao.org/, tarball: https://registry.npmmirror.com/@types/prop-types/-/prop-types-15.7.5.tgz}
    name: '@types/prop-types'
    version: 15.7.5

  registry.npmmirror.com/@types/react-redux/7.1.24:
    resolution: {integrity: sha512-7FkurKcS1k0FHZEtdbbgN8Oc6b+stGSfZYjQGicofJ0j4U0qIn/jaSvnP2pLwZKiai3/17xqqxkkrxTgN8UNbQ==, registry: http://registry.npm.taobao.org/, tarball: https://registry.npmmirror.com/@types/react-redux/-/react-redux-7.1.24.tgz}
    name: '@types/react-redux'
    version: 7.1.24
    dependencies:
      '@types/hoist-non-react-statics': registry.npmmirror.com/@types/hoist-non-react-statics/3.3.1
      '@types/react': registry.npmmirror.com/@types/react/18.0.4
      hoist-non-react-statics: registry.npmmirror.com/hoist-non-react-statics/3.3.2
      redux: registry.npmmirror.com/redux/4.1.2
    dev: false

  registry.npmmirror.com/@types/react/17.0.44:
    resolution: {integrity: sha512-Ye0nlw09GeMp2Suh8qoOv0odfgCoowfM/9MG6WeRD60Gq9wS90bdkdRtYbRkNhXOpG4H+YXGvj4wOWhAC0LJ1g==, registry: http://registry.npm.taobao.org/, tarball: https://registry.npmmirror.com/@types/react/-/react-17.0.44.tgz}
    name: '@types/react'
    version: 17.0.44
    dependencies:
      '@types/prop-types': registry.npmmirror.com/@types/prop-types/15.7.5
      '@types/scheduler': registry.npmmirror.com/@types/scheduler/0.16.2
      csstype: registry.npmmirror.com/csstype/3.0.11
    dev: true

  registry.npmmirror.com/@types/react/18.0.4:
    resolution: {integrity: sha512-Zm4ryWh9xQbMX6ge7Ej/nS6VBoT+9wzvwd/hZ+9EONGjBkejyyvEKndZt/DZHHj1lSU/YeTPyJAn22S3GnYchQ==, registry: http://registry.npm.taobao.org/, tarball: https://registry.npmmirror.com/@types/react/-/react-18.0.4.tgz}
    name: '@types/react'
    version: 18.0.4
    dependencies:
      '@types/prop-types': registry.npmmirror.com/@types/prop-types/15.7.5
      '@types/scheduler': registry.npmmirror.com/@types/scheduler/0.16.2
      csstype: registry.npmmirror.com/csstype/3.0.11
    dev: false

  registry.npmmirror.com/@types/scheduler/0.16.2:
    resolution: {integrity: sha512-hppQEBDmlwhFAXKJX2KnWLYu5yMfi91yazPb2l+lbJiwW+wdo1gNeRA+3RgNSO39WYX2euey41KEwnqesU2Jew==, registry: http://registry.npm.taobao.org/, tarball: https://registry.npmmirror.com/@types/scheduler/-/scheduler-0.16.2.tgz}
    name: '@types/scheduler'
    version: 0.16.2

  registry.npmmirror.com/caniuse-lite/1.0.30001331:
    resolution: {integrity: sha512-Y1xk6paHpUXKP/P6YjQv1xqyTbgAP05ycHBcRdQjTcyXlWol868sJJPlmk5ylOekw2BrucWes5jk+LvVd7WZ5Q==, registry: http://registry.npm.taobao.org/, tarball: https://registry.npmmirror.com/caniuse-lite/-/caniuse-lite-1.0.30001331.tgz}
    name: caniuse-lite
    version: 1.0.30001331
    dev: false

  registry.npmmirror.com/clsx/1.1.1:
    resolution: {integrity: sha512-6/bPho624p3S2pMyvP5kKBPXnI3ufHLObBFCfgx+LkeR5lg2XYy2hqZqUf45ypD8COn2bhgGJSUE+l5dhNBieA==, registry: http://registry.npm.taobao.org/, tarball: https://registry.npmmirror.com/clsx/-/clsx-1.1.1.tgz}
    name: clsx
    version: 1.1.1
    engines: {node: '>=6'}
    dev: false

  registry.npmmirror.com/csstype/3.0.11:
    resolution: {integrity: sha512-sa6P2wJ+CAbgyy4KFssIb/JNMLxFvKF1pCYCSXS8ZMuqZnMsrxqI2E5sPyoTpxoPU/gVZMzr2zjOfg8GIZOMsw==, registry: http://registry.npm.taobao.org/, tarball: https://registry.npmmirror.com/csstype/-/csstype-3.0.11.tgz}
    name: csstype
    version: 3.0.11

  registry.npmmirror.com/hamt_plus/1.0.2:
    resolution: {integrity: sha512-t2JXKaehnMb9paaYA7J0BX8QQAY8lwfQ9Gjf4pg/mk4krt+cmwmU652HOoWonf+7+EQV97ARPMhhVgU1ra2GhA==, registry: http://registry.npm.taobao.org/, tarball: https://registry.npmmirror.com/hamt_plus/-/hamt_plus-1.0.2.tgz}
    name: hamt_plus
    version: 1.0.2
    dev: false

  registry.npmmirror.com/hoist-non-react-statics/3.3.2:
    resolution: {integrity: sha512-/gGivxi8JPKWNm/W0jSmzcMPpfpPLc3dY/6GxhX2hQ9iGj3aDfklV4ET7NjKpSinLpJ5vafa9iiGIEZg10SfBw==, registry: http://registry.npm.taobao.org/, tarball: https://registry.npmmirror.com/hoist-non-react-statics/-/hoist-non-react-statics-3.3.2.tgz}
    name: hoist-non-react-statics
    version: 3.3.2
    dependencies:
      react-is: registry.npmmirror.com/react-is/16.13.1
    dev: false

  registry.npmmirror.com/immer/9.0.12:
    resolution: {integrity: sha512-lk7UNmSbAukB5B6dh9fnh5D0bJTOFKxVg2cyJWTYrWRfhLrLMBquONcUs3aFq507hNoIZEDDh8lb8UtOizSMhA==, registry: http://registry.npm.taobao.org/, tarball: https://registry.npmmirror.com/immer/-/immer-9.0.12.tgz}
    name: immer
    version: 9.0.12
    dev: false

  registry.npmmirror.com/js-tokens/4.0.0:
    resolution: {integrity: sha512-RdJUflcE3cUzKiMqQgsCu06FPu9UdIJO0beYbPhHN4k6apgJtifcoCtT9bcxOpYBtpD2kCM6Sbzg4CausW/PKQ==, registry: http://registry.npm.taobao.org/, tarball: https://registry.npmmirror.com/js-tokens/-/js-tokens-4.0.0.tgz}
    name: js-tokens
    version: 4.0.0
    dev: false

  registry.npmmirror.com/lodash.get/4.4.2:
    resolution: {integrity: sha512-z+Uw/vLuy6gQe8cfaFWD7p0wVv8fJl3mbzXh33RS+0oW2wvUqiRXiQ69gLWSLpgB5/6sU+r6BlQR0MBILadqTQ==, registry: http://registry.npm.taobao.org/, tarball: https://registry.npmmirror.com/lodash.get/-/lodash.get-4.4.2.tgz}
    name: lodash.get
    version: 4.4.2
    dev: false

  registry.npmmirror.com/loose-envify/1.4.0:
    resolution: {integrity: sha512-lyuxPGr/Wfhrlem2CL/UcnUc1zcqKAImBDzukY7Y5F/yQiNdko6+fRLevlw1HgMySw7f611UIY408EtxRSoK3Q==, registry: http://registry.npm.taobao.org/, tarball: https://registry.npmmirror.com/loose-envify/-/loose-envify-1.4.0.tgz}
    name: loose-envify
    version: 1.4.0
    hasBin: true
    dependencies:
      js-tokens: registry.npmmirror.com/js-tokens/4.0.0
    dev: false

  registry.npmmirror.com/mobx-react-lite/3.3.0_3b110ddd052df537d55bc762cdd4d0b8:
    resolution: {integrity: sha512-U/kMSFtV/bNVgY01FuiGWpRkaQVHozBq5CEBZltFvPt4FcV111hEWkgwqVg9GPPZSEuEdV438PEz8mk8mKpYlA==, registry: http://registry.npm.taobao.org/, tarball: https://registry.npmmirror.com/mobx-react-lite/-/mobx-react-lite-3.3.0.tgz}
    id: registry.npmmirror.com/mobx-react-lite/3.3.0
    name: mobx-react-lite
    version: 3.3.0
    peerDependencies:
      mobx: ^6.1.0
      react: ^16.8.0 || ^17
      react-dom: '*'
      react-native: '*'
    peerDependenciesMeta:
      react-dom:
        optional: true
      react-native:
        optional: true
    dependencies:
      mobx: registry.npmmirror.com/mobx/6.5.0
      react: registry.npmmirror.com/react/17.0.2
      react-dom: registry.npmmirror.com/react-dom/17.0.2_react@17.0.2
    dev: false

  registry.npmmirror.com/mobx-state-tree/5.1.3_mobx@6.5.0:
    resolution: {integrity: sha512-noS6f0OG1T94Nlgq7Ex9k2JBGkoFclEdNLE5rlfOy5CUTzcHNJ18fu8t2TmGXDNzH/jdwc8xAR/w36A2XAUmwA==, registry: http://registry.npm.taobao.org/, tarball: https://registry.npmmirror.com/mobx-state-tree/-/mobx-state-tree-5.1.3.tgz}
    id: registry.npmmirror.com/mobx-state-tree/5.1.3
    name: mobx-state-tree
    version: 5.1.3
    peerDependencies:
      mobx: ^6.3.0
    dependencies:
      mobx: registry.npmmirror.com/mobx/6.5.0
    dev: false

  registry.npmmirror.com/mobx/6.5.0:
    resolution: {integrity: sha512-pHZ/cySF00FVENDWIDzJyoObFahK6Eg4d0papqm6d7yMkxWTZ/S/csqJX1A3PsYy4t5k3z2QnlwuCfMW5lSEwA==, registry: http://registry.npm.taobao.org/, tarball: https://registry.npmmirror.com/mobx/-/mobx-6.5.0.tgz}
    name: mobx
    version: 6.5.0
    dev: false

  registry.npmmirror.com/nanoid/3.3.2:
    resolution: {integrity: sha512-CuHBogktKwpm5g2sRgv83jEy2ijFzBwMoYA60orPDR7ynsLijJDqgsi4RDGj3OJpy3Ieb+LYwiRmIOGyytgITA==, registry: http://registry.npm.taobao.org/, tarball: https://registry.npmmirror.com/nanoid/-/nanoid-3.3.2.tgz}
    name: nanoid
    version: 3.3.2
    engines: {node: ^10 || ^12 || ^13.7 || ^14 || >=15.0.1}
    hasBin: true
    dev: false

  registry.npmmirror.com/next/12.1.5_react-dom@17.0.2+react@17.0.2:
    resolution: {integrity: sha512-YGHDpyfgCfnT5GZObsKepmRnne7Kzp7nGrac07dikhutWQug7hHg85/+sPJ4ZW5Q2pDkb+n0FnmLkmd44htIJQ==, registry: http://registry.npm.taobao.org/, tarball: https://registry.npmmirror.com/next/-/next-12.1.5.tgz}
    id: registry.npmmirror.com/next/12.1.5
    name: next
    version: 12.1.5
    engines: {node: '>=12.22.0'}
    hasBin: true
    peerDependencies:
      fibers: '>= 3.1.0'
      node-sass: ^6.0.0 || ^7.0.0
      react: ^17.0.2 || ^18.0.0-0
      react-dom: ^17.0.2 || ^18.0.0-0
      sass: ^1.3.0
    peerDependenciesMeta:
      fibers:
        optional: true
      node-sass:
        optional: true
      sass:
        optional: true
    dependencies:
      '@next/env': registry.npmmirror.com/@next/env/12.1.5
      caniuse-lite: registry.npmmirror.com/caniuse-lite/1.0.30001331
      postcss: registry.npmmirror.com/postcss/8.4.5
      react: registry.npmmirror.com/react/17.0.2
      react-dom: registry.npmmirror.com/react-dom/17.0.2_react@17.0.2
      styled-jsx: registry.npmmirror.com/styled-jsx/5.0.1_react@17.0.2
    optionalDependencies:
      '@next/swc-android-arm-eabi': registry.npmmirror.com/@next/swc-android-arm-eabi/12.1.5
      '@next/swc-android-arm64': registry.npmmirror.com/@next/swc-android-arm64/12.1.5
      '@next/swc-darwin-arm64': registry.npmmirror.com/@next/swc-darwin-arm64/12.1.5
      '@next/swc-darwin-x64': registry.npmmirror.com/@next/swc-darwin-x64/12.1.5
      '@next/swc-linux-arm-gnueabihf': registry.npmmirror.com/@next/swc-linux-arm-gnueabihf/12.1.5
      '@next/swc-linux-arm64-gnu': registry.npmmirror.com/@next/swc-linux-arm64-gnu/12.1.5
      '@next/swc-linux-arm64-musl': registry.npmmirror.com/@next/swc-linux-arm64-musl/12.1.5
      '@next/swc-linux-x64-gnu': registry.npmmirror.com/@next/swc-linux-x64-gnu/12.1.5
      '@next/swc-linux-x64-musl': registry.npmmirror.com/@next/swc-linux-x64-musl/12.1.5
      '@next/swc-win32-arm64-msvc': registry.npmmirror.com/@next/swc-win32-arm64-msvc/12.1.5
      '@next/swc-win32-ia32-msvc': registry.npmmirror.com/@next/swc-win32-ia32-msvc/12.1.5
      '@next/swc-win32-x64-msvc': registry.npmmirror.com/@next/swc-win32-x64-msvc/12.1.5
    transitivePeerDependencies:
      - '@babel/core'
      - babel-plugin-macros
    dev: false

  registry.npmmirror.com/object-assign/4.1.1:
    resolution: {integrity: sha512-rJgTQnkUnH1sFw8yT6VSU3zD3sWmu6sZhIseY8VX+GRu3P6F7Fu+JNDoXfklElbLJSnc3FUQHVe4cU5hj+BcUg==, registry: http://registry.npm.taobao.org/, tarball: https://registry.npmmirror.com/object-assign/-/object-assign-4.1.1.tgz}
    name: object-assign
    version: 4.1.1
    engines: {node: '>=0.10.0'}
    dev: false

  registry.npmmirror.com/picocolors/1.0.0:
    resolution: {integrity: sha512-1fygroTLlHu66zi26VoTDv8yRgm0Fccecssto+MhsZ0D/DGW2sm8E8AjW7NU5VVTRt5GxbeZ5qBuJr+HyLYkjQ==, registry: http://registry.npm.taobao.org/, tarball: https://registry.npmmirror.com/picocolors/-/picocolors-1.0.0.tgz}
    name: picocolors
    version: 1.0.0
    dev: false

  registry.npmmirror.com/postcss/8.4.5:
    resolution: {integrity: sha512-jBDboWM8qpaqwkMwItqTQTiFikhs/67OYVvblFFTM7MrZjt6yMKd6r2kgXizEbTTljacm4NldIlZnhbjr84QYg==, registry: http://registry.npm.taobao.org/, tarball: https://registry.npmmirror.com/postcss/-/postcss-8.4.5.tgz}
    name: postcss
    version: 8.4.5
    engines: {node: ^10 || ^12 || >=14}
    dependencies:
      nanoid: registry.npmmirror.com/nanoid/3.3.2
      picocolors: registry.npmmirror.com/picocolors/1.0.0
      source-map-js: registry.npmmirror.com/source-map-js/1.0.2
    dev: false

  registry.npmmirror.com/prop-types/15.8.1:
    resolution: {integrity: sha512-oj87CgZICdulUohogVAR7AjlC0327U4el4L6eAvOqCeudMDVU0NThNaV+b9Df4dXgSP1gXMTnPdhfe/2qDH5cg==, registry: http://registry.npm.taobao.org/, tarball: https://registry.npmmirror.com/prop-types/-/prop-types-15.8.1.tgz}
    name: prop-types
    version: 15.8.1
    dependencies:
      loose-envify: registry.npmmirror.com/loose-envify/1.4.0
      object-assign: registry.npmmirror.com/object-assign/4.1.1
      react-is: registry.npmmirror.com/react-is/16.13.1
    dev: false

  registry.npmmirror.com/react-dom/17.0.2_react@17.0.2:
    resolution: {integrity: sha512-s4h96KtLDUQlsENhMn1ar8t2bEa+q/YAtj8pPPdIjPDGBDIVNsrD9aXNWqspUe6AzKCIG0C1HZZLqLV7qpOBGA==, registry: http://registry.npm.taobao.org/, tarball: https://registry.npmmirror.com/react-dom/-/react-dom-17.0.2.tgz}
    id: registry.npmmirror.com/react-dom/17.0.2
    name: react-dom
    version: 17.0.2
    peerDependencies:
      react: 17.0.2
    dependencies:
      loose-envify: registry.npmmirror.com/loose-envify/1.4.0
      object-assign: registry.npmmirror.com/object-assign/4.1.1
      react: registry.npmmirror.com/react/17.0.2
      scheduler: registry.npmmirror.com/scheduler/0.20.2
    dev: false

  registry.npmmirror.com/react-is/16.13.1:
    resolution: {integrity: sha512-24e6ynE2H+OKt4kqsOvNd8kBpV65zoxbA4BVsEOB3ARVWQki/DHzaUoC5KuON/BiccDaCCTZBuOcfZs70kR8bQ==, registry: http://registry.npm.taobao.org/, tarball: https://registry.npmmirror.com/react-is/-/react-is-16.13.1.tgz}
    name: react-is
    version: 16.13.1
    dev: false

  registry.npmmirror.com/react-is/17.0.2:
    resolution: {integrity: sha512-w2GsyukL62IJnlaff/nRegPQR94C/XXamvMWmSHRJ4y7Ts/4ocGRmTHvOs8PSE6pB3dWOrD/nueuU5sduBsQ4w==, registry: http://registry.npm.taobao.org/, tarball: https://registry.npmmirror.com/react-is/-/react-is-17.0.2.tgz}
    name: react-is
    version: 17.0.2
    dev: false

  registry.npmmirror.com/react-redux/7.2.8_react-dom@17.0.2+react@17.0.2:
    resolution: {integrity: sha512-6+uDjhs3PSIclqoCk0kd6iX74gzrGc3W5zcAjbrFgEdIjRSQObdIwfx80unTkVUYvbQ95Y8Av3OvFHq1w5EOUw==, registry: http://registry.npm.taobao.org/, tarball: https://registry.npmmirror.com/react-redux/-/react-redux-7.2.8.tgz}
    id: registry.npmmirror.com/react-redux/7.2.8
    name: react-redux
    version: 7.2.8
    peerDependencies:
      react: ^16.8.3 || ^17 || ^18
      react-dom: '*'
      react-native: '*'
    peerDependenciesMeta:
      react-dom:
        optional: true
      react-native:
        optional: true
    dependencies:
      '@babel/runtime': registry.npmmirror.com/@babel/runtime/7.17.9
      '@types/react-redux': registry.npmmirror.com/@types/react-redux/7.1.24
      hoist-non-react-statics: registry.npmmirror.com/hoist-non-react-statics/3.3.2
      loose-envify: registry.npmmirror.com/loose-envify/1.4.0
      prop-types: registry.npmmirror.com/prop-types/15.8.1
      react: registry.npmmirror.com/react/17.0.2
      react-dom: registry.npmmirror.com/react-dom/17.0.2_react@17.0.2
      react-is: registry.npmmirror.com/react-is/17.0.2
    dev: false

  registry.npmmirror.com/react/17.0.2:
    resolution: {integrity: sha512-gnhPt75i/dq/z3/6q/0asP78D0u592D5L1pd7M8P+dck6Fu/jJeL6iVVK23fptSUZj8Vjf++7wXA8UNclGQcbA==, registry: http://registry.npm.taobao.org/, tarball: https://registry.npmmirror.com/react/-/react-17.0.2.tgz}
    name: react
    version: 17.0.2
    engines: {node: '>=0.10.0'}
    dependencies:
      loose-envify: registry.npmmirror.com/loose-envify/1.4.0
      object-assign: registry.npmmirror.com/object-assign/4.1.1
    dev: false

  registry.npmmirror.com/recoil/0.7.2_react-dom@17.0.2+react@17.0.2:
    resolution: {integrity: sha512-OT4pI7FOUHcIoRtjsL5Lqq+lFFzQfir4MIbUkqyJ3nqv3WfBP1pHepyurqTsK5gw+T+I2R8+uOD28yH+Lg5o4g==, registry: http://registry.npm.taobao.org/, tarball: https://registry.npmmirror.com/recoil/-/recoil-0.7.2.tgz}
    id: registry.npmmirror.com/recoil/0.7.2
    name: recoil
    version: 0.7.2
    peerDependencies:
      react: '>=16.13.1'
      react-dom: '*'
      react-native: '*'
    peerDependenciesMeta:
      react-dom:
        optional: true
      react-native:
        optional: true
    dependencies:
      hamt_plus: registry.npmmirror.com/hamt_plus/1.0.2
      react: registry.npmmirror.com/react/17.0.2
      react-dom: registry.npmmirror.com/react-dom/17.0.2_react@17.0.2
    dev: false

  registry.npmmirror.com/redux-thunk/2.4.1_redux@4.1.2:
    resolution: {integrity: sha512-OOYGNY5Jy2TWvTL1KgAlVy6dcx3siPJ1wTq741EPyUKfn6W6nChdICjZwCd0p8AZBs5kWpZlbkXW2nE/zjUa+Q==, registry: http://registry.npm.taobao.org/, tarball: https://registry.npmmirror.com/redux-thunk/-/redux-thunk-2.4.1.tgz}
    id: registry.npmmirror.com/redux-thunk/2.4.1
    name: redux-thunk
    version: 2.4.1
    peerDependencies:
      redux: ^4
    dependencies:
      redux: registry.npmmirror.com/redux/4.1.2
    dev: false

  registry.npmmirror.com/redux/4.1.2:
    resolution: {integrity: sha512-SH8PglcebESbd/shgf6mii6EIoRM0zrQyjcuQ+ojmfxjTtE0z9Y8pa62iA/OJ58qjP6j27uyW4kUF4jl/jd6sw==, registry: http://registry.npm.taobao.org/, tarball: https://registry.npmmirror.com/redux/-/redux-4.1.2.tgz}
    name: redux
    version: 4.1.2
    dependencies:
      '@babel/runtime': registry.npmmirror.com/@babel/runtime/7.17.9
    dev: false

  registry.npmmirror.com/regenerator-runtime/0.13.9:
    resolution: {integrity: sha512-p3VT+cOEgxFsRRA9X4lkI1E+k2/CtnKtU4gcxyaCUreilL/vqI6CdZ3wxVUx3UOUg+gnUOQQcRI7BmSI656MYA==, registry: http://registry.npm.taobao.org/, tarball: https://registry.npmmirror.com/regenerator-runtime/-/regenerator-runtime-0.13.9.tgz}
    name: regenerator-runtime
    version: 0.13.9
    dev: false

  registry.npmmirror.com/reselect/4.1.5:
    resolution: {integrity: sha512-uVdlz8J7OO+ASpBYoz1Zypgx0KasCY20H+N8JD13oUMtPvSHQuscrHop4KbXrbsBcdB9Ds7lVK7eRkBIfO43vQ==, registry: http://registry.npm.taobao.org/, tarball: https://registry.npmmirror.com/reselect/-/reselect-4.1.5.tgz}
    name: reselect
    version: 4.1.5
    dev: false

  registry.npmmirror.com/scheduler/0.20.2:
    resolution: {integrity: sha512-2eWfGgAqqWFGqtdMmcL5zCMK1U8KlXv8SQFGglL3CEtd0aDVDWgeF/YoCmvln55m5zSk3J/20hTaSBeSObsQDQ==, registry: http://registry.npm.taobao.org/, tarball: https://registry.npmmirror.com/scheduler/-/scheduler-0.20.2.tgz}
    name: scheduler
    version: 0.20.2
    dependencies:
      loose-envify: registry.npmmirror.com/loose-envify/1.4.0
      object-assign: registry.npmmirror.com/object-assign/4.1.1
    dev: false

  registry.npmmirror.com/source-map-js/1.0.2:
    resolution: {integrity: sha512-R0XvVJ9WusLiqTCEiGCmICCMplcCkIwwR11mOSD9CR5u+IXYdiseeEuXCVAjS54zqwkLcPNnmU4OeJ6tUrWhDw==, registry: http://registry.npm.taobao.org/, tarball: https://registry.npmmirror.com/source-map-js/-/source-map-js-1.0.2.tgz}
    name: source-map-js
    version: 1.0.2
    engines: {node: '>=0.10.0'}
    dev: false

  registry.npmmirror.com/styled-jsx/5.0.1_react@17.0.2:
    resolution: {integrity: sha512-+PIZ/6Uk40mphiQJJI1202b+/dYeTVd9ZnMPR80pgiWbjIwvN2zIp4r9et0BgqBuShh48I0gttPlAXA7WVvBxw==, registry: http://registry.npm.taobao.org/, tarball: https://registry.npmmirror.com/styled-jsx/-/styled-jsx-5.0.1.tgz}
    id: registry.npmmirror.com/styled-jsx/5.0.1
    name: styled-jsx
    version: 5.0.1
    engines: {node: '>= 12.0.0'}
    peerDependencies:
      '@babel/core': '*'
      babel-plugin-macros: '*'
      react: '>= 16.8.0 || 17.x.x || ^18.0.0-0'
    peerDependenciesMeta:
      '@babel/core':
        optional: true
      babel-plugin-macros:
        optional: true
    dependencies:
      react: registry.npmmirror.com/react/17.0.2
    dev: false

  registry.npmmirror.com/typescript/4.6.3:
    resolution: {integrity: sha512-yNIatDa5iaofVozS/uQJEl3JRWLKKGJKh6Yaiv0GLGSuhpFJe7P3SbHZ8/yjAHRQwKRoA6YZqlfjXWmVzoVSMw==, registry: http://registry.npm.taobao.org/, tarball: https://registry.npmmirror.com/typescript/-/typescript-4.6.3.tgz}
    name: typescript
    version: 4.6.3
    engines: {node: '>=4.2.0'}
    hasBin: true
    dev: true
